
Microsoft Visual Studio Solution File, Format Version 12.00
# Visual Studio 15
VisualStudioVersion = 15.0.28307.329
MinimumVisualStudioVersion = 10.0.40219.1
Project("{FAE04EC0-301F-11D3-BF4B-00C04F79EFBC}") = "ConsoleComand", "ConsoleComand\ConsoleComand.csproj", "{0E1C5B29-E42A-46AB-B4E0-6E163897DE82}"
EndProject
Global
	GlobalSection(SolutionConfigurationPlatforms) = preSolution
		Debug|Any CPU = Debug|Any CPU
		Release|Any CPU = Release|Any CPU
	EndGlobalSection
	GlobalSection(ProjectConfigurationPlatforms) = postSolution
		{0E1C5B29-E42A-46AB-B4E0-6E163897DE82}.Debug|Any CPU.ActiveCfg = Debug|Any CPU
		{0E1C5B29-E42A-46AB-B4E0-6E163897DE82}.Debug|Any CPU.Build.0 = Debug|Any CPU
		{0E1C5B29-E42A-46AB-B4E0-6E163897DE82}.Release|Any CPU.ActiveCfg = Release|Any CPU
		{0E1C5B29-E42A-46AB-B4E0-6E163897DE82}.Release|Any CPU.Build.0 = Release|Any CPU
	EndGlobalSection
	GlobalSection(SolutionProperties) = preSolution
		HideSolutionNode = FALSE
	EndGlobalSection
	GlobalSection(ExtensibilityGlobals) = postSolution
		SolutionGuid = {C7BB880B-5B75-4960-A068-5A965064262A}
	EndGlobalSection
EndGlobal
